
Microsoft Visual Studio Solution File, Format Version 12.00
# Visual Studio Version 16
VisualStudioVersion = 16.0.30907.101
MinimumVisualStudioVersion = 10.0.40219.1
Project("{9A19103F-16F7-4668-BE54-9A1E7A4F7556}") = "Entities", "Entities\Entities.csproj", "{999C38CB-38B0-43EE-BDBB-6FE65D5116A8}"
EndProject
Project("{9A19103F-16F7-4668-BE54-9A1E7A4F7556}") = "DataAccess", "DataAccess\DataAccess.csproj", "{7E6AABE2-7989-431B-98B1-5907772718A9}"
EndProject
Project("{9A19103F-16F7-4668-BE54-9A1E7A4F7556}") = "Business", "Business\Business.csproj", "{CEA31025-A50A-4B3B-A9B6-8EA803A3AE27}"
EndProject
Project("{FAE04EC0-301F-11D3-BF4B-00C04F79EFBC}") = "ConsoleUI", "ConsoleUI\ConsoleUI.csproj", "{700B227F-0137-4E40-AEEC-8993FF7BDF77}"
EndProject
Global
	GlobalSection(SolutionConfigurationPlatforms) = preSolution
		Debug|Any CPU = Debug|Any CPU
		Release|Any CPU = Release|Any CPU
	EndGlobalSection
	GlobalSection(ProjectConfigurationPlatforms) = postSolution
		{999C38CB-38B0-43EE-BDBB-6FE65D5116A8}.Debug|Any CPU.ActiveCfg = Debug|Any CPU
		{999C38CB-38B0-43EE-BDBB-6FE65D5116A8}.Debug|Any CPU.Build.0 = Debug|Any CPU
		{999C38CB-38B0-43EE-BDBB-6FE65D5116A8}.Release|Any CPU.ActiveCfg = Release|Any CPU
		{999C38CB-38B0-43EE-BDBB-6FE65D5116A8}.Release|Any CPU.Build.0 = Release|Any CPU
		{7E6AABE2-7989-431B-98B1-5907772718A9}.Debug|Any CPU.ActiveCfg = Debug|Any CPU
		{7E6AABE2-7989-431B-98B1-5907772718A9}.Debug|Any CPU.Build.0 = Debug|Any CPU
		{7E6AABE2-7989-431B-98B1-5907772718A9}.Release|Any CPU.ActiveCfg = Release|Any CPU
		{7E6AABE2-7989-431B-98B1-5907772718A9}.Release|Any CPU.Build.0 = Release|Any CPU
		{CEA31025-A50A-4B3B-A9B6-8EA803A3AE27}.Debug|Any CPU.ActiveCfg = Debug|Any CPU
		{CEA31025-A50A-4B3B-A9B6-8EA803A3AE27}.Debug|Any CPU.Build.0 = Debug|Any CPU
		{CEA31025-A50A-4B3B-A9B6-8EA803A3AE27}.Release|Any CPU.ActiveCfg = Release|Any CPU
		{CEA31025-A50A-4B3B-A9B6-8EA803A3AE27}.Release|Any CPU.Build.0 = Release|Any CPU
		{700B227F-0137-4E40-AEEC-8993FF7BDF77}.Debug|Any CPU.ActiveCfg = Debug|Any CPU
		{700B227F-0137-4E40-AEEC-8993FF7BDF77}.Debug|Any CPU.Build.0 = Debug|Any CPU
		{700B227F-0137-4E40-AEEC-8993FF7BDF77}.Release|Any CPU.ActiveCfg = Release|Any CPU
		{700B227F-0137-4E40-AEEC-8993FF7BDF77}.Release|Any CPU.Build.0 = Release|Any CPU
	EndGlobalSection
	GlobalSection(SolutionProperties) = preSolution
		HideSolutionNode = FALSE
	EndGlobalSection
	GlobalSection(ExtensibilityGlobals) = postSolution
		SolutionGuid = {4506E305-99DF-45F2-ABB9-D2790E899342}
	EndGlobalSection
EndGlobal
